{
  "name": "vendingmachine",
  "version": "1.0.0",
  "lockfileVersion": 1,
  "requires": true,
  "dependencies": {
    "wolfy87-eventemitter": {
      "version": "5.2.3",
      "resolved": "https://registry.npmjs.org/wolfy87-eventemitter/-/wolfy87-eventemitter-5.2.3.tgz",
      "integrity": "sha512-jCUVjlRkpuoU9vQa1cyynPJhvR8ymNLwfvdkGYjIWwR0STLc0LJQG+yFy1JlQ73vjbtlNiC8xNqZQMJDdpYMeA=="
    }
  }
}
